// !$*UTF8*$!
{
	archiveVersion = 1;
	classes = {
	};
	objectVersion = 51;
	objects = {

/* Begin PBXBuildFile section */
		2F041F0323313F2C00177AC2 /* MainViewModelTests.swift in Sources */ = {isa = PBXBuildFile; fileRef = 2F041F0223313F2C00177AC2 /* MainViewModelTests.swift */; };
		2F041F052331416200177AC2 /* TranslatorViewModel.swift in Sources */ = {isa = PBXBuildFile; fileRef = 2F041F042331416200177AC2 /* TranslatorViewModel.swift */; };
		2F041F072331416D00177AC2 /* TranslatorRepository.swift in Sources */ = {isa = PBXBuildFile; fileRef = 2F041F062331416D00177AC2 /* TranslatorRepository.swift */; };
		2F041F0A2331424000177AC2 /* HTTPClient.swift in Sources */ = {isa = PBXBuildFile; fileRef = 2F041F092331424000177AC2 /* HTTPClient.swift */; };
		2FCCF1952335266A00D199BA /* HTTPEngine.swift in Sources */ = {isa = PBXBuildFile; fileRef = 2FCCF1942335266A00D199BA /* HTTPEngine.swift */; };
		2FCCF1972335267300D199BA /* RequestCancelationToken.swift in Sources */ = {isa = PBXBuildFile; fileRef = 2FCCF1962335267300D199BA /* RequestCancelationToken.swift */; };
		56995F875274175209B7153F /* Pods_Baluchon.framework in Frameworks */ = {isa = PBXBuildFile; fileRef = 50CA42E57B6DF0B62C5C0D15 /* Pods_Baluchon.framework */; };
		D316D128235359E000A97134 /* MainTabBarController.swift in Sources */ = {isa = PBXBuildFile; fileRef = D316D127235359E000A97134 /* MainTabBarController.swift */; };
		D31A47C3233BD23B002EA4FF /* Weather.swift in Sources */ = {isa = PBXBuildFile; fileRef = D31A47C2233BD23B002EA4FF /* Weather.swift */; };
		D31DCFCD234F92D4008C2910 /* WeatherSource.swift in Sources */ = {isa = PBXBuildFile; fileRef = D31DCFCC234F92D4008C2910 /* WeatherSource.swift */; };
		D33C69EC231EBC2E003FB721 /* AppDelegate.swift in Sources */ = {isa = PBXBuildFile; fileRef = D33C69EB231EBC2E003FB721 /* AppDelegate.swift */; };
		D33C69F1231EBC2E003FB721 /* Main.storyboard in Resources */ = {isa = PBXBuildFile; fileRef = D33C69EF231EBC2E003FB721 /* Main.storyboard */; };
		D33C69F3231EBC31003FB721 /* Assets.xcassets in Resources */ = {isa = PBXBuildFile; fileRef = D33C69F2231EBC31003FB721 /* Assets.xcassets */; };
		D33C69F6231EBC31003FB721 /* LaunchScreen.storyboard in Resources */ = {isa = PBXBuildFile; fileRef = D33C69F4231EBC31003FB721 /* LaunchScreen.storyboard */; };
		D33C6A11231EBD83003FB721 /* AlertPresenter.swift in Sources */ = {isa = PBXBuildFile; fileRef = D33C6A10231EBD83003FB721 /* AlertPresenter.swift */; };
		D358AD332330CE3700D84FD4 /* ConverterViewController.swift in Sources */ = {isa = PBXBuildFile; fileRef = D358AD322330CE3700D84FD4 /* ConverterViewController.swift */; };
		D358AD352330CE4300D84FD4 /* WeatherViewController.swift in Sources */ = {isa = PBXBuildFile; fileRef = D358AD342330CE4300D84FD4 /* WeatherViewController.swift */; };
		D358AD372330CE5E00D84FD4 /* TranslatorViewController.swift in Sources */ = {isa = PBXBuildFile; fileRef = D358AD362330CE5E00D84FD4 /* TranslatorViewController.swift */; };
		D358AD3E2330D0EA00D84FD4 /* Screens.swift in Sources */ = {isa = PBXBuildFile; fileRef = D358AD3D2330D0EA00D84FD4 /* Screens.swift */; };
		D358AD442330D74900D84FD4 /* MainCoordinator.swift in Sources */ = {isa = PBXBuildFile; fileRef = D358AD432330D74900D84FD4 /* MainCoordinator.swift */; };
		D358AD4A2331060000D84FD4 /* AppCoordinator.swift in Sources */ = {isa = PBXBuildFile; fileRef = D358AD492331060000D84FD4 /* AppCoordinator.swift */; };
		D3658AFF234CF233005CD724 /* CityWeatherTableViewCell.swift in Sources */ = {isa = PBXBuildFile; fileRef = D3658AFE234CF233005CD724 /* CityWeatherTableViewCell.swift */; };
		D36A7D95233A7886001E722B /* Currency.swift in Sources */ = {isa = PBXBuildFile; fileRef = D36A7D94233A7886001E722B /* Currency.swift */; };
		D387BA9A23325DB7006AE04D /* ConverterViewModel.swift in Sources */ = {isa = PBXBuildFile; fileRef = D387BA9923325DB7006AE04D /* ConverterViewModel.swift */; };
		D387BA9C23325DD2006AE04D /* ConverterRepository.swift in Sources */ = {isa = PBXBuildFile; fileRef = D387BA9B23325DD2006AE04D /* ConverterRepository.swift */; };
		D387BA9E23325DF5006AE04D /* WeatherViewModel.swift in Sources */ = {isa = PBXBuildFile; fileRef = D387BA9D23325DF5006AE04D /* WeatherViewModel.swift */; };
		D387BAA023325E07006AE04D /* WeatherRepository.swift in Sources */ = {isa = PBXBuildFile; fileRef = D387BA9F23325E07006AE04D /* WeatherRepository.swift */; };
		D39D7186234CF464006EF937 /* PickerViewDataSource.swift in Sources */ = {isa = PBXBuildFile; fileRef = D39D7185234CF464006EF937 /* PickerViewDataSource.swift */; };
		D3CCCD3E2343B959006D4C7D /* EnglishLanguage.swift in Sources */ = {isa = PBXBuildFile; fileRef = D3CCCD3D2343B959006D4C7D /* EnglishLanguage.swift */; };
		D3F163DB233A7B6F0031DB39 /* Context.swift in Sources */ = {isa = PBXBuildFile; fileRef = D3F163DA233A7B6F0031DB39 /* Context.swift */; };
		E59A3FB528BFF338CA4742B7 /* Pods_BaluchonTests.framework in Frameworks */ = {isa = PBXBuildFile; fileRef = 6B6986B9250889A1B4CE9365 /* Pods_BaluchonTests.framework */; };
/* End PBXBuildFile section */

/* Begin PBXContainerItemProxy section */
		D33C69FD231EBC31003FB721 /* PBXContainerItemProxy */ = {
			isa = PBXContainerItemProxy;
			containerPortal = D33C69E0231EBC2E003FB721 /* Project object */;
			proxyType = 1;
			remoteGlobalIDString = D33C69E7231EBC2E003FB721;
			remoteInfo = Baluchon;
		};
/* End PBXContainerItemProxy section */

/* Begin PBXFileReference section */
		189386AB25FD09067A83791E /* Pods-Baluchon.release.xcconfig */ = {isa = PBXFileReference; includeInIndex = 1; lastKnownFileType = text.xcconfig; name = "Pods-Baluchon.release.xcconfig"; path = "Target Support Files/Pods-Baluchon/Pods-Baluchon.release.xcconfig"; sourceTree = "<group>"; };
		2F041F0123313F2B00177AC2 /* BaluchonTests-Bridging-Header.h */ = {isa = PBXFileReference; lastKnownFileType = sourcecode.c.h; path = "BaluchonTests-Bridging-Header.h"; sourceTree = "<group>"; };
		2F041F0223313F2C00177AC2 /* MainViewModelTests.swift */ = {isa = PBXFileReference; lastKnownFileType = sourcecode.swift; path = MainViewModelTests.swift; sourceTree = "<group>"; };
		2F041F042331416200177AC2 /* TranslatorViewModel.swift */ = {isa = PBXFileReference; lastKnownFileType = sourcecode.swift; path = TranslatorViewModel.swift; sourceTree = "<group>"; };
		2F041F062331416D00177AC2 /* TranslatorRepository.swift */ = {isa = PBXFileReference; lastKnownFileType = sourcecode.swift; path = TranslatorRepository.swift; sourceTree = "<group>"; };
		2F041F092331424000177AC2 /* HTTPClient.swift */ = {isa = PBXFileReference; lastKnownFileType = sourcecode.swift; path = HTTPClient.swift; sourceTree = "<group>"; };
		2FCCF1942335266A00D199BA /* HTTPEngine.swift */ = {isa = PBXFileReference; lastKnownFileType = sourcecode.swift; path = HTTPEngine.swift; sourceTree = "<group>"; };
		2FCCF1962335267300D199BA /* RequestCancelationToken.swift */ = {isa = PBXFileReference; lastKnownFileType = sourcecode.swift; path = RequestCancelationToken.swift; sourceTree = "<group>"; };
		50CA42E57B6DF0B62C5C0D15 /* Pods_Baluchon.framework */ = {isa = PBXFileReference; explicitFileType = wrapper.framework; includeInIndex = 0; path = Pods_Baluchon.framework; sourceTree = BUILT_PRODUCTS_DIR; };
		6B6986B9250889A1B4CE9365 /* Pods_BaluchonTests.framework */ = {isa = PBXFileReference; explicitFileType = wrapper.framework; includeInIndex = 0; path = Pods_BaluchonTests.framework; sourceTree = BUILT_PRODUCTS_DIR; };
		D316D127235359E000A97134 /* MainTabBarController.swift */ = {isa = PBXFileReference; lastKnownFileType = sourcecode.swift; path = MainTabBarController.swift; sourceTree = "<group>"; };
		D31A47C2233BD23B002EA4FF /* Weather.swift */ = {isa = PBXFileReference; lastKnownFileType = sourcecode.swift; path = Weather.swift; sourceTree = "<group>"; };
		D31DCFCC234F92D4008C2910 /* WeatherSource.swift */ = {isa = PBXFileReference; lastKnownFileType = sourcecode.swift; path = WeatherSource.swift; sourceTree = "<group>"; };
		D33C69E8231EBC2E003FB721 /* Baluchon.app */ = {isa = PBXFileReference; explicitFileType = wrapper.application; includeInIndex = 0; path = Baluchon.app; sourceTree = BUILT_PRODUCTS_DIR; };
		D33C69EB231EBC2E003FB721 /* AppDelegate.swift */ = {isa = PBXFileReference; lastKnownFileType = sourcecode.swift; path = AppDelegate.swift; sourceTree = "<group>"; };
		D33C69F0231EBC2E003FB721 /* Base */ = {isa = PBXFileReference; lastKnownFileType = file.storyboard; name = Base; path = Base.lproj/Main.storyboard; sourceTree = "<group>"; };
		D33C69F2231EBC31003FB721 /* Assets.xcassets */ = {isa = PBXFileReference; lastKnownFileType = folder.assetcatalog; path = Assets.xcassets; sourceTree = "<group>"; };
		D33C69F5231EBC31003FB721 /* Base */ = {isa = PBXFileReference; lastKnownFileType = file.storyboard; name = Base; path = Base.lproj/LaunchScreen.storyboard; sourceTree = "<group>"; };
		D33C69F7231EBC31003FB721 /* Info.plist */ = {isa = PBXFileReference; lastKnownFileType = text.plist.xml; path = Info.plist; sourceTree = "<group>"; };
		D33C69FC231EBC31003FB721 /* BaluchonTests.xctest */ = {isa = PBXFileReference; explicitFileType = wrapper.cfbundle; includeInIndex = 0; path = BaluchonTests.xctest; sourceTree = BUILT_PRODUCTS_DIR; };
		D33C6A02231EBC31003FB721 /* Info.plist */ = {isa = PBXFileReference; lastKnownFileType = text.plist.xml; path = Info.plist; sourceTree = "<group>"; };
		D33C6A10231EBD83003FB721 /* AlertPresenter.swift */ = {isa = PBXFileReference; lastKnownFileType = sourcecode.swift; path = AlertPresenter.swift; sourceTree = "<group>"; };
		D358AD322330CE3700D84FD4 /* ConverterViewController.swift */ = {isa = PBXFileReference; lastKnownFileType = sourcecode.swift; path = ConverterViewController.swift; sourceTree = "<group>"; };
		D358AD342330CE4300D84FD4 /* WeatherViewController.swift */ = {isa = PBXFileReference; lastKnownFileType = sourcecode.swift; path = WeatherViewController.swift; sourceTree = "<group>"; };
		D358AD362330CE5E00D84FD4 /* TranslatorViewController.swift */ = {isa = PBXFileReference; lastKnownFileType = sourcecode.swift; path = TranslatorViewController.swift; sourceTree = "<group>"; };
		D358AD3D2330D0EA00D84FD4 /* Screens.swift */ = {isa = PBXFileReference; lastKnownFileType = sourcecode.swift; path = Screens.swift; sourceTree = "<group>"; };
		D358AD432330D74900D84FD4 /* MainCoordinator.swift */ = {isa = PBXFileReference; lastKnownFileType = sourcecode.swift; path = MainCoordinator.swift; sourceTree = "<group>"; };
		D358AD492331060000D84FD4 /* AppCoordinator.swift */ = {isa = PBXFileReference; lastKnownFileType = sourcecode.swift; path = AppCoordinator.swift; sourceTree = "<group>"; };
		D3658AFE234CF233005CD724 /* CityWeatherTableViewCell.swift */ = {isa = PBXFileReference; lastKnownFileType = sourcecode.swift; path = CityWeatherTableViewCell.swift; sourceTree = "<group>"; };
		D36A7D94233A7886001E722B /* Currency.swift */ = {isa = PBXFileReference; lastKnownFileType = sourcecode.swift; path = Currency.swift; sourceTree = "<group>"; };
		D387BA9923325DB7006AE04D /* ConverterViewModel.swift */ = {isa = PBXFileReference; lastKnownFileType = sourcecode.swift; path = ConverterViewModel.swift; sourceTree = "<group>"; };
		D387BA9B23325DD2006AE04D /* ConverterRepository.swift */ = {isa = PBXFileReference; lastKnownFileType = sourcecode.swift; path = ConverterRepository.swift; sourceTree = "<group>"; };
		D387BA9D23325DF5006AE04D /* WeatherViewModel.swift */ = {isa = PBXFileReference; lastKnownFileType = sourcecode.swift; path = WeatherViewModel.swift; sourceTree = "<group>"; };
		D387BA9F23325E07006AE04D /* WeatherRepository.swift */ = {isa = PBXFileReference; lastKnownFileType = sourcecode.swift; path = WeatherRepository.swift; sourceTree = "<group>"; };
		D39D7185234CF464006EF937 /* PickerViewDataSource.swift */ = {isa = PBXFileReference; lastKnownFileType = sourcecode.swift; path = PickerViewDataSource.swift; sourceTree = "<group>"; };
		D3CCCD3D2343B959006D4C7D /* EnglishLanguage.swift */ = {isa = PBXFileReference; lastKnownFileType = sourcecode.swift; path = EnglishLanguage.swift; sourceTree = "<group>"; };
		D3F163DA233A7B6F0031DB39 /* Context.swift */ = {isa = PBXFileReference; lastKnownFileType = sourcecode.swift; path = Context.swift; sourceTree = "<group>"; };
		E79DB47FA9A43664A2634923 /* Pods-Baluchon.debug.xcconfig */ = {isa = PBXFileReference; includeInIndex = 1; lastKnownFileType = text.xcconfig; name = "Pods-Baluchon.debug.xcconfig"; path = "Target Support Files/Pods-Baluchon/Pods-Baluchon.debug.xcconfig"; sourceTree = "<group>"; };
		FA3B535017FB9B9D9B9DCD3A /* Pods-BaluchonTests.debug.xcconfig */ = {isa = PBXFileReference; includeInIndex = 1; lastKnownFileType = text.xcconfig; name = "Pods-BaluchonTests.debug.xcconfig"; path = "Target Support Files/Pods-BaluchonTests/Pods-BaluchonTests.debug.xcconfig"; sourceTree = "<group>"; };
		FC34E1A418BF1B942D3DA5AC /* Pods-BaluchonTests.release.xcconfig */ = {isa = PBXFileReference; includeInIndex = 1; lastKnownFileType = text.xcconfig; name = "Pods-BaluchonTests.release.xcconfig"; path = "Target Support Files/Pods-BaluchonTests/Pods-BaluchonTests.release.xcconfig"; sourceTree = "<group>"; };
/* End PBXFileReference section */

/* Begin PBXFrameworksBuildPhase section */
		D33C69E5231EBC2E003FB721 /* Frameworks */ = {
			isa = PBXFrameworksBuildPhase;
			buildActionMask = 2147483647;
			files = (
				56995F875274175209B7153F /* Pods_Baluchon.framework in Frameworks */,
			);
			runOnlyForDeploymentPostprocessing = 0;
		};
		D33C69F9231EBC31003FB721 /* Frameworks */ = {
			isa = PBXFrameworksBuildPhase;
			buildActionMask = 2147483647;
			files = (
				E59A3FB528BFF338CA4742B7 /* Pods_BaluchonTests.framework in Frameworks */,
			);
			runOnlyForDeploymentPostprocessing = 0;
		};
/* End PBXFrameworksBuildPhase section */

/* Begin PBXGroup section */
		009570C218058EF8AD85816E /* Pods */ = {
			isa = PBXGroup;
			children = (
				E79DB47FA9A43664A2634923 /* Pods-Baluchon.debug.xcconfig */,
				189386AB25FD09067A83791E /* Pods-Baluchon.release.xcconfig */,
				FA3B535017FB9B9D9B9DCD3A /* Pods-BaluchonTests.debug.xcconfig */,
				FC34E1A418BF1B942D3DA5AC /* Pods-BaluchonTests.release.xcconfig */,
			);
			path = Pods;
			sourceTree = "<group>";
		};
		2F041EFE23313C2600177AC2 /* Sources */ = {
			isa = PBXGroup;
			children = (
				D3F163DA233A7B6F0031DB39 /* Context.swift */,
				D33C69EB231EBC2E003FB721 /* AppDelegate.swift */,
				D358AD492331060000D84FD4 /* AppCoordinator.swift */,
				D358AD3D2330D0EA00D84FD4 /* Screens.swift */,
				D33C69EF231EBC2E003FB721 /* Main.storyboard */,
				D358AD3A2330CF7C00D84FD4 /* App */,
				D33C6A0F231EBD6D003FB721 /* Alert Presneter */,
			);
			path = Sources;
			sourceTree = "<group>";
		};
		2F041F082331422A00177AC2 /* Network */ = {
			isa = PBXGroup;
			children = (
				2F041F092331424000177AC2 /* HTTPClient.swift */,
				2FCCF1942335266A00D199BA /* HTTPEngine.swift */,
				2FCCF1962335267300D199BA /* RequestCancelationToken.swift */,
			);
			path = Network;
			sourceTree = "<group>";
		};
		6BB356210D55552CF23C2FF1 /* Frameworks */ = {
			isa = PBXGroup;
			children = (
				50CA42E57B6DF0B62C5C0D15 /* Pods_Baluchon.framework */,
				6B6986B9250889A1B4CE9365 /* Pods_BaluchonTests.framework */,
			);
			name = Frameworks;
			sourceTree = "<group>";
		};
		D33C69DF231EBC2E003FB721 = {
			isa = PBXGroup;
			children = (
				D33C69EA231EBC2E003FB721 /* Baluchon */,
				D33C69FF231EBC31003FB721 /* BaluchonTests */,
				D33C69E9231EBC2E003FB721 /* Products */,
				009570C218058EF8AD85816E /* Pods */,
				6BB356210D55552CF23C2FF1 /* Frameworks */,
			);
			sourceTree = "<group>";
		};
		D33C69E9231EBC2E003FB721 /* Products */ = {
			isa = PBXGroup;
			children = (
				D33C69E8231EBC2E003FB721 /* Baluchon.app */,
				D33C69FC231EBC31003FB721 /* BaluchonTests.xctest */,
			);
			name = Products;
			sourceTree = "<group>";
		};
		D33C69EA231EBC2E003FB721 /* Baluchon */ = {
			isa = PBXGroup;
			children = (
				2F041EFE23313C2600177AC2 /* Sources */,
				D33C6A0E231EBC7B003FB721 /* Ressources */,
			);
			path = Baluchon;
			sourceTree = "<group>";
		};
		D33C69FF231EBC31003FB721 /* BaluchonTests */ = {
			isa = PBXGroup;
			children = (
				D33C6A02231EBC31003FB721 /* Info.plist */,
				2F041F0223313F2C00177AC2 /* MainViewModelTests.swift */,
				2F041F0123313F2B00177AC2 /* BaluchonTests-Bridging-Header.h */,
			);
			path = BaluchonTests;
			sourceTree = "<group>";
		};
		D33C6A0E231EBC7B003FB721 /* Ressources */ = {
			isa = PBXGroup;
			children = (
				D33C69F4231EBC31003FB721 /* LaunchScreen.storyboard */,
				D33C69F2231EBC31003FB721 /* Assets.xcassets */,
				D33C69F7231EBC31003FB721 /* Info.plist */,
			);
			path = Ressources;
			sourceTree = "<group>";
		};
		D33C6A0F231EBD6D003FB721 /* Alert Presneter */ = {
			isa = PBXGroup;
			children = (
				D33C6A10231EBD83003FB721 /* AlertPresenter.swift */,
			);
			path = "Alert Presneter";
			sourceTree = "<group>";
		};
		D33C6A12231EBE12003FB721 /* Weather */ = {
			isa = PBXGroup;
			children = (
				D358AD342330CE4300D84FD4 /* WeatherViewController.swift */,
				D31DCFCC234F92D4008C2910 /* WeatherSource.swift */,
				D387BA9D23325DF5006AE04D /* WeatherViewModel.swift */,
				D387BA9F23325E07006AE04D /* WeatherRepository.swift */,
				D3658AFD234CF223005CD724 /* Cell */,
				D3FEC622234505FC0049D91C /* Model */,
			);
			path = Weather;
			sourceTree = "<group>";
		};
		D33C6A13231EBE19003FB721 /* Translator */ = {
			isa = PBXGroup;
			children = (
				D358AD362330CE5E00D84FD4 /* TranslatorViewController.swift */,
				2F041F042331416200177AC2 /* TranslatorViewModel.swift */,
				2F041F062331416D00177AC2 /* TranslatorRepository.swift */,
				D3FEC621234505E10049D91C /* Model */,
			);
			path = Translator;
			sourceTree = "<group>";
		};
		D358AD3A2330CF7C00D84FD4 /* App */ = {
			isa = PBXGroup;
			children = (
				D358AD3F2330D6B100D84FD4 /* Main */,
				2F041F082331422A00177AC2 /* Network */,
			);
			path = App;
			sourceTree = "<group>";
		};
		D358AD3F2330D6B100D84FD4 /* Main */ = {
			isa = PBXGroup;
			children = (
				D316D127235359E000A97134 /* MainTabBarController.swift */,
				D358AD432330D74900D84FD4 /* MainCoordinator.swift */,
				D33C6A13231EBE19003FB721 /* Translator */,
				D39BFC202331221C00455A59 /* Converter */,
				D33C6A12231EBE12003FB721 /* Weather */,
			);
			path = Main;
			sourceTree = "<group>";
		};
		D3658AFD234CF223005CD724 /* Cell */ = {
			isa = PBXGroup;
			children = (
				D3658AFE234CF233005CD724 /* CityWeatherTableViewCell.swift */,
			);
			path = Cell;
			sourceTree = "<group>";
		};
		D36A7D93233A787A001E722B /* Model */ = {
			isa = PBXGroup;
			children = (
				D36A7D94233A7886001E722B /* Currency.swift */,
			);
			path = Model;
			sourceTree = "<group>";
		};
		D39BFC202331221C00455A59 /* Converter */ = {
			isa = PBXGroup;
			children = (
				D358AD322330CE3700D84FD4 /* ConverterViewController.swift */,
				D39D7185234CF464006EF937 /* PickerViewDataSource.swift */,
				D387BA9923325DB7006AE04D /* ConverterViewModel.swift */,
				D387BA9B23325DD2006AE04D /* ConverterRepository.swift */,
				D36A7D93233A787A001E722B /* Model */,
			);
			path = Converter;
			sourceTree = "<group>";
		};
		D3FEC621234505E10049D91C /* Model */ = {
			isa = PBXGroup;
			children = (
				D3CCCD3D2343B959006D4C7D /* EnglishLanguage.swift */,
			);
			path = Model;
			sourceTree = "<group>";
		};
		D3FEC622234505FC0049D91C /* Model */ = {
			isa = PBXGroup;
			children = (
				D31A47C2233BD23B002EA4FF /* Weather.swift */,
			);
			path = Model;
			sourceTree = "<group>";
		};
/* End PBXGroup section */

/* Begin PBXNativeTarget section */
		D33C69E7231EBC2E003FB721 /* Baluchon */ = {
			isa = PBXNativeTarget;
			buildConfigurationList = D33C6A05231EBC31003FB721 /* Build configuration list for PBXNativeTarget "Baluchon" */;
			buildPhases = (
				AD1434DEE6868156A22275F8 /* [CP] Check Pods Manifest.lock */,
				D33C69E4231EBC2E003FB721 /* Sources */,
				D33C69E5231EBC2E003FB721 /* Frameworks */,
				D33C69E6231EBC2E003FB721 /* Resources */,
				AE29EB895754894FEB945BF0 /* [CP] Embed Pods Frameworks */,
			);
			buildRules = (
			);
			dependencies = (
			);
			name = Baluchon;
			productName = Baluchon;
			productReference = D33C69E8231EBC2E003FB721 /* Baluchon.app */;
			productType = "com.apple.product-type.application";
		};
		D33C69FB231EBC31003FB721 /* BaluchonTests */ = {
			isa = PBXNativeTarget;
			buildConfigurationList = D33C6A08231EBC31003FB721 /* Build configuration list for PBXNativeTarget "BaluchonTests" */;
			buildPhases = (
				C82910B873962BBD973D5B55 /* [CP] Check Pods Manifest.lock */,
				D33C69F8231EBC31003FB721 /* Sources */,
				D33C69F9231EBC31003FB721 /* Frameworks */,
				D33C69FA231EBC31003FB721 /* Resources */,
			);
			buildRules = (
			);
			dependencies = (
				D33C69FE231EBC31003FB721 /* PBXTargetDependency */,
			);
			name = BaluchonTests;
			productName = BaluchonTests;
			productReference = D33C69FC231EBC31003FB721 /* BaluchonTests.xctest */;
			productType = "com.apple.product-type.bundle.unit-test";
		};
/* End PBXNativeTarget section */

/* Begin PBXProject section */
		D33C69E0231EBC2E003FB721 /* Project object */ = {
			isa = PBXProject;
			attributes = {
				LastSwiftUpdateCheck = 1030;
				LastUpgradeCheck = 1030;
				ORGANIZATIONNAME = "Lauriane Haydari";
				TargetAttributes = {
					D33C69E7231EBC2E003FB721 = {
						CreatedOnToolsVersion = 10.3;
					};
					D33C69FB231EBC31003FB721 = {
						CreatedOnToolsVersion = 10.3;
						LastSwiftMigration = 1030;
						TestTargetID = D33C69E7231EBC2E003FB721;
					};
				};
			};
			buildConfigurationList = D33C69E3231EBC2E003FB721 /* Build configuration list for PBXProject "Baluchon" */;
			compatibilityVersion = "Xcode 9.3";
			developmentRegion = en;
			hasScannedForEncodings = 0;
			knownRegions = (
				en,
				Base,
			);
			mainGroup = D33C69DF231EBC2E003FB721;
			productRefGroup = D33C69E9231EBC2E003FB721 /* Products */;
			projectDirPath = "";
			projectRoot = "";
			targets = (
				D33C69E7231EBC2E003FB721 /* Baluchon */,
				D33C69FB231EBC31003FB721 /* BaluchonTests */,
			);
		};
/* End PBXProject section */

/* Begin PBXResourcesBuildPhase section */
		D33C69E6231EBC2E003FB721 /* Resources */ = {
			isa = PBXResourcesBuildPhase;
			buildActionMask = 2147483647;
			files = (
				D33C69F6231EBC31003FB721 /* LaunchScreen.storyboard in Resources */,
				D33C69F3231EBC31003FB721 /* Assets.xcassets in Resources */,
				D33C69F1231EBC2E003FB721 /* Main.storyboard in Resources */,
			);
			runOnlyForDeploymentPostprocessing = 0;
		};
		D33C69FA231EBC31003FB721 /* Resources */ = {
			isa = PBXResourcesBuildPhase;
			buildActionMask = 2147483647;
			files = (
			);
			runOnlyForDeploymentPostprocessing = 0;
		};
/* End PBXResourcesBuildPhase section */

/* Begin PBXShellScriptBuildPhase section */
		AD1434DEE6868156A22275F8 /* [CP] Check Pods Manifest.lock */ = {
			isa = PBXShellScriptBuildPhase;
			buildActionMask = 2147483647;
			files = (
			);
			inputFileListPaths = (
			);
			inputPaths = (
				"${PODS_PODFILE_DIR_PATH}/Podfile.lock",
				"${PODS_ROOT}/Manifest.lock",
			);
			name = "[CP] Check Pods Manifest.lock";
			outputFileListPaths = (
			);
			outputPaths = (
				"$(DERIVED_FILE_DIR)/Pods-Baluchon-checkManifestLockResult.txt",
			);
			runOnlyForDeploymentPostprocessing = 0;
			shellPath = /bin/sh;
			shellScript = "diff \"${PODS_PODFILE_DIR_PATH}/Podfile.lock\" \"${PODS_ROOT}/Manifest.lock\" > /dev/null\nif [ $? != 0 ] ; then\n    # print error to STDERR\n    echo \"error: The sandbox is not in sync with the Podfile.lock. Run 'pod install' or update your CocoaPods installation.\" >&2\n    exit 1\nfi\n# This output is used by Xcode 'outputs' to avoid re-running this script phase.\necho \"SUCCESS\" > \"${SCRIPT_OUTPUT_FILE_0}\"\n";
			showEnvVarsInLog = 0;
		};
		AE29EB895754894FEB945BF0 /* [CP] Embed Pods Frameworks */ = {
			isa = PBXShellScriptBuildPhase;
			buildActionMask = 2147483647;
			files = (
			);
			inputFileListPaths = (
				"${PODS_ROOT}/Target Support Files/Pods-Baluchon/Pods-Baluchon-frameworks-${CONFIGURATION}-input-files.xcfilelist",
			);
			name = "[CP] Embed Pods Frameworks";
			outputFileListPaths = (
				"${PODS_ROOT}/Target Support Files/Pods-Baluchon/Pods-Baluchon-frameworks-${CONFIGURATION}-output-files.xcfilelist",
			);
			runOnlyForDeploymentPostprocessing = 0;
			shellPath = /bin/sh;
			shellScript = "\"${PODS_ROOT}/Target Support Files/Pods-Baluchon/Pods-Baluchon-frameworks.sh\"\n";
			showEnvVarsInLog = 0;
		};
		C82910B873962BBD973D5B55 /* [CP] Check Pods Manifest.lock */ = {
			isa = PBXShellScriptBuildPhase;
			buildActionMask = 2147483647;
			files = (
			);
			inputFileListPaths = (
			);
			inputPaths = (
				"${PODS_PODFILE_DIR_PATH}/Podfile.lock",
				"${PODS_ROOT}/Manifest.lock",
			);
			name = "[CP] Check Pods Manifest.lock";
			outputFileListPaths = (
			);
			outputPaths = (
				"$(DERIVED_FILE_DIR)/Pods-BaluchonTests-checkManifestLockResult.txt",
			);
			runOnlyForDeploymentPostprocessing = 0;
			shellPath = /bin/sh;
			shellScript = "diff \"${PODS_PODFILE_DIR_PATH}/Podfile.lock\" \"${PODS_ROOT}/Manifest.lock\" > /dev/null\nif [ $? != 0 ] ; then\n    # print error to STDERR\n    echo \"error: The sandbox is not in sync with the Podfile.lock. Run 'pod install' or update your CocoaPods installation.\" >&2\n    exit 1\nfi\n# This output is used by Xcode 'outputs' to avoid re-running this script phase.\necho \"SUCCESS\" > \"${SCRIPT_OUTPUT_FILE_0}\"\n";
			showEnvVarsInLog = 0;
		};
/* End PBXShellScriptBuildPhase section */

/* Begin PBXSourcesBuildPhase section */
		D33C69E4231EBC2E003FB721 /* Sources */ = {
			isa = PBXSourcesBuildPhase;
			buildActionMask = 2147483647;
			files = (
				D358AD4A2331060000D84FD4 /* AppCoordinator.swift in Sources */,
				D387BA9A23325DB7006AE04D /* ConverterViewModel.swift in Sources */,
				D3CCCD3E2343B959006D4C7D /* EnglishLanguage.swift in Sources */,
				D316D128235359E000A97134 /* MainTabBarController.swift in Sources */,
				D387BA9C23325DD2006AE04D /* ConverterRepository.swift in Sources */,
				D3F163DB233A7B6F0031DB39 /* Context.swift in Sources */,
				2FCCF1952335266A00D199BA /* HTTPEngine.swift in Sources */,
				D39D7186234CF464006EF937 /* PickerViewDataSource.swift in Sources */,
				D358AD352330CE4300D84FD4 /* WeatherViewController.swift in Sources */,
				D387BAA023325E07006AE04D /* WeatherRepository.swift in Sources */,
				2F041F0A2331424000177AC2 /* HTTPClient.swift in Sources */,
				D358AD332330CE3700D84FD4 /* ConverterViewController.swift in Sources */,
				D31DCFCD234F92D4008C2910 /* WeatherSource.swift in Sources */,
				2F041F072331416D00177AC2 /* TranslatorRepository.swift in Sources */,
				D33C6A11231EBD83003FB721 /* AlertPresenter.swift in Sources */,
				D358AD442330D74900D84FD4 /* MainCoordinator.swift in Sources */,
				D3658AFF234CF233005CD724 /* CityWeatherTableViewCell.swift in Sources */,
				D33C69EC231EBC2E003FB721 /* AppDelegate.swift in Sources */,
				D387BA9E23325DF5006AE04D /* WeatherViewModel.swift in Sources */,
				D31A47C3233BD23B002EA4FF /* Weather.swift in Sources */,
				D36A7D95233A7886001E722B /* Currency.swift in Sources */,
				D358AD3E2330D0EA00D84FD4 /* Screens.swift in Sources */,
				D358AD372330CE5E00D84FD4 /* TranslatorViewController.swift in Sources */,
				2F041F052331416200177AC2 /* TranslatorViewModel.swift in Sources */,
				2FCCF1972335267300D199BA /* RequestCancelationToken.swift in Sources */,
			);
			runOnlyForDeploymentPostprocessing = 0;
		};
		D33C69F8231EBC31003FB721 /* Sources */ = {
			isa = PBXSourcesBuildPhase;
			buildActionMask = 2147483647;
			files = (
				2F041F0323313F2C00177AC2 /* MainViewModelTests.swift in Sources */,
			);
			runOnlyForDeploymentPostprocessing = 0;
		};
/* End PBXSourcesBuildPhase section */

/* Begin PBXTargetDependency section */
		D33C69FE231EBC31003FB721 /* PBXTargetDependency */ = {
			isa = PBXTargetDependency;
			target = D33C69E7231EBC2E003FB721 /* Baluchon */;
			targetProxy = D33C69FD231EBC31003FB721 /* PBXContainerItemProxy */;
		};
/* End PBXTargetDependency section */

/* Begin PBXVariantGroup section */
		D33C69EF231EBC2E003FB721 /* Main.storyboard */ = {
			isa = PBXVariantGroup;
			children = (
				D33C69F0231EBC2E003FB721 /* Base */,
			);
			name = Main.storyboard;
			sourceTree = "<group>";
		};
		D33C69F4231EBC31003FB721 /* LaunchScreen.storyboard */ = {
			isa = PBXVariantGroup;
			children = (
				D33C69F5231EBC31003FB721 /* Base */,
			);
			name = LaunchScreen.storyboard;
			sourceTree = "<group>";
		};
/* End PBXVariantGroup section */

/* Begin XCBuildConfiguration section */
		D33C6A03231EBC31003FB721 /* Debug */ = {
			isa = XCBuildConfiguration;
			buildSettings = {
				ALWAYS_SEARCH_USER_PATHS = NO;
				CLANG_ANALYZER_NONNULL = YES;
				CLANG_ANALYZER_NUMBER_OBJECT_CONVERSION = YES_AGGRESSIVE;
				CLANG_CXX_LANGUAGE_STANDARD = "gnu++14";
				CLANG_CXX_LIBRARY = "libc++";
				CLANG_ENABLE_MODULES = YES;
				CLANG_ENABLE_OBJC_ARC = YES;
				CLANG_ENABLE_OBJC_WEAK = YES;
				CLANG_WARN_BLOCK_CAPTURE_AUTORELEASING = YES;
				CLANG_WARN_BOOL_CONVERSION = YES;
				CLANG_WARN_COMMA = YES;
				CLANG_WARN_CONSTANT_CONVERSION = YES;
				CLANG_WARN_DEPRECATED_OBJC_IMPLEMENTATIONS = YES;
				CLANG_WARN_DIRECT_OBJC_ISA_USAGE = YES_ERROR;
				CLANG_WARN_DOCUMENTATION_COMMENTS = YES;
				CLANG_WARN_EMPTY_BODY = YES;
				CLANG_WARN_ENUM_CONVERSION = YES;
				CLANG_WARN_INFINITE_RECURSION = YES;
				CLANG_WARN_INT_CONVERSION = YES;
				CLANG_WARN_NON_LITERAL_NULL_CONVERSION = YES;
				CLANG_WARN_OBJC_IMPLICIT_RETAIN_SELF = YES;
				CLANG_WARN_OBJC_LITERAL_CONVERSION = YES;
				CLANG_WARN_OBJC_ROOT_CLASS = YES_ERROR;
				CLANG_WARN_RANGE_LOOP_ANALYSIS = YES;
				CLANG_WARN_STRICT_PROTOTYPES = YES;
				CLANG_WARN_SUSPICIOUS_MOVE = YES;
				CLANG_WARN_UNGUARDED_AVAILABILITY = YES_AGGRESSIVE;
				CLANG_WARN_UNREACHABLE_CODE = YES;
				CLANG_WARN__DUPLICATE_METHOD_MATCH = YES;
				CODE_SIGN_IDENTITY = "iPhone Developer";
				COPY_PHASE_STRIP = NO;
				DEBUG_INFORMATION_FORMAT = dwarf;
				ENABLE_STRICT_OBJC_MSGSEND = YES;
				ENABLE_TESTABILITY = YES;
				GCC_C_LANGUAGE_STANDARD = gnu11;
				GCC_DYNAMIC_NO_PIC = NO;
				GCC_NO_COMMON_BLOCKS = YES;
				GCC_OPTIMIZATION_LEVEL = 0;
				GCC_PREPROCESSOR_DEFINITIONS = (
					"DEBUG=1",
					"$(inherited)",
				);
				GCC_WARN_64_TO_32_BIT_CONVERSION = YES;
				GCC_WARN_ABOUT_RETURN_TYPE = YES_ERROR;
				GCC_WARN_UNDECLARED_SELECTOR = YES;
				GCC_WARN_UNINITIALIZED_AUTOS = YES_AGGRESSIVE;
				GCC_WARN_UNUSED_FUNCTION = YES;
				GCC_WARN_UNUSED_VARIABLE = YES;
				IPHONEOS_DEPLOYMENT_TARGET = 12.4;
				MTL_ENABLE_DEBUG_INFO = INCLUDE_SOURCE;
				MTL_FAST_MATH = YES;
				ONLY_ACTIVE_ARCH = YES;
				SDKROOT = iphoneos;
				SWIFT_ACTIVE_COMPILATION_CONDITIONS = DEBUG;
				SWIFT_OPTIMIZATION_LEVEL = "-Onone";
			};
			name = Debug;
		};
		D33C6A04231EBC31003FB721 /* Release */ = {
			isa = XCBuildConfiguration;
			buildSettings = {
				ALWAYS_SEARCH_USER_PATHS = NO;
				CLANG_ANALYZER_NONNULL = YES;
				CLANG_ANALYZER_NUMBER_OBJECT_CONVERSION = YES_AGGRESSIVE;
				CLANG_CXX_LANGUAGE_STANDARD = "gnu++14";
				CLANG_CXX_LIBRARY = "libc++";
				CLANG_ENABLE_MODULES = YES;
				CLANG_ENABLE_OBJC_ARC = YES;
				CLANG_ENABLE_OBJC_WEAK = YES;
				CLANG_WARN_BLOCK_CAPTURE_AUTORELEASING = YES;
				CLANG_WARN_BOOL_CONVERSION = YES;
				CLANG_WARN_COMMA = YES;
				CLANG_WARN_CONSTANT_CONVERSION = YES;
				CLANG_WARN_DEPRECATED_OBJC_IMPLEMENTATIONS = YES;
				CLANG_WARN_DIRECT_OBJC_ISA_USAGE = YES_ERROR;
				CLANG_WARN_DOCUMENTATION_COMMENTS = YES;
				CLANG_WARN_EMPTY_BODY = YES;
				CLANG_WARN_ENUM_CONVERSION = YES;
				CLANG_WARN_INFINITE_RECURSION = YES;
				CLANG_WARN_INT_CONVERSION = YES;
				CLANG_WARN_NON_LITERAL_NULL_CONVERSION = YES;
				CLANG_WARN_OBJC_IMPLICIT_RETAIN_SELF = YES;
				CLANG_WARN_OBJC_LITERAL_CONVERSION = YES;
				CLANG_WARN_OBJC_ROOT_CLASS = YES_ERROR;
				CLANG_WARN_RANGE_LOOP_ANALYSIS = YES;
				CLANG_WARN_STRICT_PROTOTYPES = YES;
				CLANG_WARN_SUSPICIOUS_MOVE = YES;
				CLANG_WARN_UNGUARDED_AVAILABILITY = YES_AGGRESSIVE;
				CLANG_WARN_UNREACHABLE_CODE = YES;
				CLANG_WARN__DUPLICATE_METHOD_MATCH = YES;
				CODE_SIGN_IDENTITY = "iPhone Developer";
				COPY_PHASE_STRIP = NO;
				DEBUG_INFORMATION_FORMAT = "dwarf-with-dsym";
				ENABLE_NS_ASSERTIONS = NO;
				ENABLE_STRICT_OBJC_MSGSEND = YES;
				GCC_C_LANGUAGE_STANDARD = gnu11;
				GCC_NO_COMMON_BLOCKS = YES;
				GCC_WARN_64_TO_32_BIT_CONVERSION = YES;
				GCC_WARN_ABOUT_RETURN_TYPE = YES_ERROR;
				GCC_WARN_UNDECLARED_SELECTOR = YES;
				GCC_WARN_UNINITIALIZED_AUTOS = YES_AGGRESSIVE;
				GCC_WARN_UNUSED_FUNCTION = YES;
				GCC_WARN_UNUSED_VARIABLE = YES;
				IPHONEOS_DEPLOYMENT_TARGET = 12.4;
				MTL_ENABLE_DEBUG_INFO = NO;
				MTL_FAST_MATH = YES;
				SDKROOT = iphoneos;
				SWIFT_COMPILATION_MODE = wholemodule;
				SWIFT_OPTIMIZATION_LEVEL = "-O";
				VALIDATE_PRODUCT = YES;
			};
			name = Release;
		};
		D33C6A06231EBC31003FB721 /* Debug */ = {
			isa = XCBuildConfiguration;
			baseConfigurationReference = E79DB47FA9A43664A2634923 /* Pods-Baluchon.debug.xcconfig */;
			buildSettings = {
				ASSETCATALOG_COMPILER_APPICON_NAME = AppIcon;
				CODE_SIGN_STYLE = Automatic;
				DEVELOPMENT_TEAM = 568UZNMWK9;
				INFOPLIST_FILE = Baluchon/Ressources/Info.plist;
				LD_RUNPATH_SEARCH_PATHS = (
					"$(inherited)",
					"@executable_path/Frameworks",
				);
				PRODUCT_BUNDLE_IDENTIFIER = com..Baluchon;
				PRODUCT_NAME = "$(TARGET_NAME)";
				SWIFT_VERSION = 5.0;
				TARGETED_DEVICE_FAMILY = "1,2";
			};
			name = Debug;
		};
		D33C6A07231EBC31003FB721 /* Release */ = {
			isa = XCBuildConfiguration;
			baseConfigurationReference = 189386AB25FD09067A83791E /* Pods-Baluchon.release.xcconfig */;
			buildSettings = {
				ASSETCATALOG_COMPILER_APPICON_NAME = AppIcon;
				CODE_SIGN_STYLE = Automatic;
				DEVELOPMENT_TEAM = 568UZNMWK9;
				INFOPLIST_FILE = Baluchon/Ressources/Info.plist;
				LD_RUNPATH_SEARCH_PATHS = (
					"$(inherited)",
					"@executable_path/Frameworks",
				);
				PRODUCT_BUNDLE_IDENTIFIER = com..Baluchon;
				PRODUCT_NAME = "$(TARGET_NAME)";
				SWIFT_VERSION = 5.0;
				TARGETED_DEVICE_FAMILY = "1,2";
			};
			name = Release;
		};
		D33C6A09231EBC31003FB721 /* Debug */ = {
			isa = XCBuildConfiguration;
			baseConfigurationReference = FA3B535017FB9B9D9B9DCD3A /* Pods-BaluchonTests.debug.xcconfig */;
			buildSettings = {
				ALWAYS_EMBED_SWIFT_STANDARD_LIBRARIES = YES;
				BUNDLE_LOADER = "$(TEST_HOST)";
				CLANG_ENABLE_MODULES = YES;
				CODE_SIGN_STYLE = Automatic;
				DEVELOPMENT_TEAM = 568UZNMWK9;
				INFOPLIST_FILE = BaluchonTests/Info.plist;
				LD_RUNPATH_SEARCH_PATHS = (
					"$(inherited)",
					"@executable_path/Frameworks",
					"@loader_path/Frameworks",
				);
				PRODUCT_BUNDLE_IDENTIFIER = com..BaluchonTests;
				PRODUCT_NAME = "$(TARGET_NAME)";
				SWIFT_OBJC_BRIDGING_HEADER = "BaluchonTests/BaluchonTests-Bridging-Header.h";
				SWIFT_OPTIMIZATION_LEVEL = "-Onone";
				SWIFT_VERSION = 5.0;
				TARGETED_DEVICE_FAMILY = "1,2";
				TEST_HOST = "$(BUILT_PRODUCTS_DIR)/Baluchon.app/Baluchon";
			};
			name = Debug;
		};
		D33C6A0A231EBC31003FB721 /* Release */ = {
			isa = XCBuildConfiguration;
			baseConfigurationReference = FC34E1A418BF1B942D3DA5AC /* Pods-BaluchonTests.release.xcconfig */;
			buildSettings = {
				ALWAYS_EMBED_SWIFT_STANDARD_LIBRARIES = YES;
				BUNDLE_LOADER = "$(TEST_HOST)";
				CLANG_ENABLE_MODULES = YES;
				CODE_SIGN_STYLE = Automatic;
				DEVELOPMENT_TEAM = 568UZNMWK9;
				INFOPLIST_FILE = BaluchonTests/Info.plist;
				LD_RUNPATH_SEARCH_PATHS = (
					"$(inherited)",
					"@executable_path/Frameworks",
					"@loader_path/Frameworks",
				);
				PRODUCT_BUNDLE_IDENTIFIER = com..BaluchonTests;
				PRODUCT_NAME = "$(TARGET_NAME)";
				SWIFT_OBJC_BRIDGING_HEADER = "BaluchonTests/BaluchonTests-Bridging-Header.h";
				SWIFT_VERSION = 5.0;
				TARGETED_DEVICE_FAMILY = "1,2";
				TEST_HOST = "$(BUILT_PRODUCTS_DIR)/Baluchon.app/Baluchon";
			};
			name = Release;
		};
/* End XCBuildConfiguration section */

/* Begin XCConfigurationList section */
		D33C69E3231EBC2E003FB721 /* Build configuration list for PBXProject "Baluchon" */ = {
			isa = XCConfigurationList;
			buildConfigurations = (
				D33C6A03231EBC31003FB721 /* Debug */,
				D33C6A04231EBC31003FB721 /* Release */,
			);
			defaultConfigurationIsVisible = 0;
			defaultConfigurationName = Release;
		};
		D33C6A05231EBC31003FB721 /* Build configuration list for PBXNativeTarget "Baluchon" */ = {
			isa = XCConfigurationList;
			buildConfigurations = (
				D33C6A06231EBC31003FB721 /* Debug */,
				D33C6A07231EBC31003FB721 /* Release */,
			);
			defaultConfigurationIsVisible = 0;
			defaultConfigurationName = Release;
		};
		D33C6A08231EBC31003FB721 /* Build configuration list for PBXNativeTarget "BaluchonTests" */ = {
			isa = XCConfigurationList;
			buildConfigurations = (
				D33C6A09231EBC31003FB721 /* Debug */,
				D33C6A0A231EBC31003FB721 /* Release */,
			);
			defaultConfigurationIsVisible = 0;
			defaultConfigurationName = Release;
		};
/* End XCConfigurationList section */
	};
	rootObject = D33C69E0231EBC2E003FB721 /* Project object */;
}
